
Microsoft Visual Studio Solution File, Format Version 12.00
# Visual Studio Version 16
VisualStudioVersion = 25.0.1706.0
MinimumVisualStudioVersion = 10.0.40219.1
Project("{FAE04EC0-301F-11D3-BF4B-00C04F79EFBC}") = "TodoAppWebAPP", "TodoAppWebAPP\TodoAppWebAPP.csproj", "{12BF5148-FD2F-4504-AACE-702E43B99577}"
EndProject
Global
	GlobalSection(SolutionConfigurationPlatforms) = preSolution
		Debug|Any CPU = Debug|Any CPU
		Release|Any CPU = Release|Any CPU
	EndGlobalSection
	GlobalSection(ProjectConfigurationPlatforms) = postSolution
		{12BF5148-FD2F-4504-AACE-702E43B99577}.Debug|Any CPU.ActiveCfg = Debug|Any CPU
		{12BF5148-FD2F-4504-AACE-702E43B99577}.Debug|Any CPU.Build.0 = Debug|Any CPU
		{12BF5148-FD2F-4504-AACE-702E43B99577}.Release|Any CPU.ActiveCfg = Release|Any CPU
		{12BF5148-FD2F-4504-AACE-702E43B99577}.Release|Any CPU.Build.0 = Release|Any CPU
	EndGlobalSection
	GlobalSection(SolutionProperties) = preSolution
		HideSolutionNode = FALSE
	EndGlobalSection
	GlobalSection(ExtensibilityGlobals) = postSolution
		SolutionGuid = {243E0FAE-7F1C-4EE3-A982-0CF014651AA5}
	EndGlobalSection
EndGlobal
